
Microsoft Visual Studio Solution File, Format Version 12.00
# Visual Studio Version 17
VisualStudioVersion = 17.13.35825.156
MinimumVisualStudioVersion = 10.0.40219.1
Project("{FAE04EC0-301F-11D3-BF4B-00C04F79EFBC}") = "Cinema.Web", "Cinema.Web\Cinema.Web.csproj", "{A6D11F5A-9610-4559-8950-6119D4F66B16}"
EndProject
Project("{FAE04EC0-301F-11D3-BF4B-00C04F79EFBC}") = "Cinema.DataAccess", "Cinema.DataAccess\Cinema.DataAccess.csproj", "{C8644C93-62A1-4EDC-ADAE-225C01E2828D}"
EndProject
Project("{FAE04EC0-301F-11D3-BF4B-00C04F79EFBC}") = "Cinema.WebAPI", "Cinema.WebApi\Cinema.WebAPI.csproj", "{D4E0AB3E-AF84-43E2-88AF-EB455C6425B4}"
EndProject
Project("{FAE04EC0-301F-11D3-BF4B-00C04F79EFBC}") = "Cinema.Shared", "Cinema.Shared\Cinema.Shared.csproj", "{2B6ED3EB-1439-4C65-834E-616F917B9FD7}"
EndProject
Project("{54A90642-561A-4BB1-A94E-469ADEE60C69}") = "cinema.react", "Cinema.React\cinema.react.esproj", "{C0E0FD32-48E5-EB51-99F3-E0475BB15FC1}"
EndProject
Project("{FAE04EC0-301F-11D3-BF4B-00C04F79EFBC}") = "Cinema.Tests", "Cinema.Tests\Cinema.Tests.csproj", "{231420B2-E5EA-E0FA-0A16-78271024A27F}"
EndProject
Global
	GlobalSection(SolutionConfigurationPlatforms) = preSolution
		Debug|Any CPU = Debug|Any CPU
		Release|Any CPU = Release|Any CPU
	EndGlobalSection
	GlobalSection(ProjectConfigurationPlatforms) = postSolution
		{A6D11F5A-9610-4559-8950-6119D4F66B16}.Debug|Any CPU.ActiveCfg = Debug|Any CPU
		{A6D11F5A-9610-4559-8950-6119D4F66B16}.Debug|Any CPU.Build.0 = Debug|Any CPU
		{A6D11F5A-9610-4559-8950-6119D4F66B16}.Release|Any CPU.ActiveCfg = Release|Any CPU
		{A6D11F5A-9610-4559-8950-6119D4F66B16}.Release|Any CPU.Build.0 = Release|Any CPU
		{C8644C93-62A1-4EDC-ADAE-225C01E2828D}.Debug|Any CPU.ActiveCfg = Debug|Any CPU
		{C8644C93-62A1-4EDC-ADAE-225C01E2828D}.Debug|Any CPU.Build.0 = Debug|Any CPU
		{C8644C93-62A1-4EDC-ADAE-225C01E2828D}.Release|Any CPU.ActiveCfg = Release|Any CPU
		{C8644C93-62A1-4EDC-ADAE-225C01E2828D}.Release|Any CPU.Build.0 = Release|Any CPU
		{D4E0AB3E-AF84-43E2-88AF-EB455C6425B4}.Debug|Any CPU.ActiveCfg = Debug|Any CPU
		{D4E0AB3E-AF84-43E2-88AF-EB455C6425B4}.Debug|Any CPU.Build.0 = Debug|Any CPU
		{D4E0AB3E-AF84-43E2-88AF-EB455C6425B4}.Release|Any CPU.ActiveCfg = Release|Any CPU
		{D4E0AB3E-AF84-43E2-88AF-EB455C6425B4}.Release|Any CPU.Build.0 = Release|Any CPU
		{2B6ED3EB-1439-4C65-834E-616F917B9FD7}.Debug|Any CPU.ActiveCfg = Debug|Any CPU
		{2B6ED3EB-1439-4C65-834E-616F917B9FD7}.Debug|Any CPU.Build.0 = Debug|Any CPU
		{2B6ED3EB-1439-4C65-834E-616F917B9FD7}.Release|Any CPU.ActiveCfg = Release|Any CPU
		{2B6ED3EB-1439-4C65-834E-616F917B9FD7}.Release|Any CPU.Build.0 = Release|Any CPU
		{C0E0FD32-48E5-EB51-99F3-E0475BB15FC1}.Debug|Any CPU.ActiveCfg = Debug|Any CPU
		{C0E0FD32-48E5-EB51-99F3-E0475BB15FC1}.Debug|Any CPU.Build.0 = Debug|Any CPU
		{C0E0FD32-48E5-EB51-99F3-E0475BB15FC1}.Debug|Any CPU.Deploy.0 = Debug|Any CPU
		{C0E0FD32-48E5-EB51-99F3-E0475BB15FC1}.Release|Any CPU.ActiveCfg = Release|Any CPU
		{C0E0FD32-48E5-EB51-99F3-E0475BB15FC1}.Release|Any CPU.Build.0 = Release|Any CPU
		{C0E0FD32-48E5-EB51-99F3-E0475BB15FC1}.Release|Any CPU.Deploy.0 = Release|Any CPU
		{231420B2-E5EA-E0FA-0A16-78271024A27F}.Debug|Any CPU.ActiveCfg = Debug|Any CPU
		{231420B2-E5EA-E0FA-0A16-78271024A27F}.Debug|Any CPU.Build.0 = Debug|Any CPU
		{231420B2-E5EA-E0FA-0A16-78271024A27F}.Release|Any CPU.ActiveCfg = Release|Any CPU
		{231420B2-E5EA-E0FA-0A16-78271024A27F}.Release|Any CPU.Build.0 = Release|Any CPU
	EndGlobalSection
	GlobalSection(SolutionProperties) = preSolution
		HideSolutionNode = FALSE
	EndGlobalSection
	GlobalSection(ExtensibilityGlobals) = postSolution
		SolutionGuid = {0BCB6F04-0F96-4951-97A8-50A9ED093228}
	EndGlobalSection
EndGlobal
